// !$*UTF8*$!
{
	archiveVersion = 1;
	classes = {
	};
	objectVersion = 55;
	objects = {

/* Begin PBXBuildFile section */
		553896E82ACC0143009BE30E /* Permutations.swift in Sources */ = {isa = PBXBuildFile; fileRef = 553896E72ACC0143009BE30E /* Permutations.swift */; };
		F7333088271FB67D0095E6EC /* main.swift in Sources */ = {isa = PBXBuildFile; fileRef = F7333087271FB67D0095E6EC /* main.swift */; };
/* End PBXBuildFile section */

/* Begin PBXCopyFilesBuildPhase section */
		F78C46A8271E4EAF00B0B1E2 /* CopyFiles */ = {
			isa = PBXCopyFilesBuildPhase;
			buildActionMask = 2147483647;
			dstPath = /usr/share/man/man1/;
			dstSubfolderSpec = 0;
			files = (
			);
			runOnlyForDeploymentPostprocessing = 1;
		};
/* End PBXCopyFilesBuildPhase section */

/* Begin PBXFileReference section */
		5502D77E28EDC6FD00F5BB52 /* Add One Row to Tree.swift */ = {isa = PBXFileReference; lastKnownFileType = sourcecode.swift; path = "Add One Row to Tree.swift"; sourceTree = "<group>"; };
		5502D78028EDCDD900F5BB52 /* Add One Row to Tree ver2.swift */ = {isa = PBXFileReference; lastKnownFileType = sourcecode.swift; path = "Add One Row to Tree ver2.swift"; sourceTree = "<group>"; };
		550B4C2929BC439400039933 /* Happy Number.swift */ = {isa = PBXFileReference; lastKnownFileType = sourcecode.swift; path = "Happy Number.swift"; sourceTree = "<group>"; };
		550B4C2B29BC457E00039933 /* Spiral Matrix.swift */ = {isa = PBXFileReference; lastKnownFileType = sourcecode.swift; path = "Spiral Matrix.swift"; sourceTree = "<group>"; };
		550B4C2D29BC5E3400039933 /* Where Will the Ball Fall.swift */ = {isa = PBXFileReference; lastKnownFileType = sourcecode.swift; path = "Where Will the Ball Fall.swift"; sourceTree = "<group>"; };
		550B4C2F29BD713900039933 /* Rotate Array.swift */ = {isa = PBXFileReference; lastKnownFileType = sourcecode.swift; path = "Rotate Array.swift"; sourceTree = "<group>"; };
		550B4C3129BD7E4100039933 /* Longest Common Prefix.swift */ = {isa = PBXFileReference; lastKnownFileType = sourcecode.swift; path = "Longest Common Prefix.swift"; sourceTree = "<group>"; };
		550B4C3329BD96A800039933 /* Multiply Strings.swift */ = {isa = PBXFileReference; lastKnownFileType = sourcecode.swift; path = "Multiply Strings.swift"; sourceTree = "<group>"; };
		5511C4A22939F00B00324BDB /* Binary Search.swift */ = {isa = PBXFileReference; lastKnownFileType = sourcecode.swift; path = "Binary Search.swift"; sourceTree = "<group>"; };
		5511C4A42939F5DE00324BDB /* First Bad Version.swift */ = {isa = PBXFileReference; lastKnownFileType = sourcecode.swift; path = "First Bad Version.swift"; sourceTree = "<group>"; };
		5511C4A62939FA3600324BDB /* Search Insert Position.swift */ = {isa = PBXFileReference; lastKnownFileType = sourcecode.swift; path = "Search Insert Position.swift"; sourceTree = "<group>"; };
		5511C4A9293CAED600324BDB /* Squares of a Sorted Array.swift */ = {isa = PBXFileReference; lastKnownFileType = sourcecode.swift; path = "Squares of a Sorted Array.swift"; sourceTree = "<group>"; };
		5511C4AA293CC93800324BDB /* Longest Turbulent Subarray.swift */ = {isa = PBXFileReference; lastKnownFileType = sourcecode.swift; path = "Longest Turbulent Subarray.swift"; sourceTree = "<group>"; };
		55242E8729E57B8000D80FA6 /* Find First and Last Position of Element in Sorted Array.swift */ = {isa = PBXFileReference; lastKnownFileType = sourcecode.swift; path = "Find First and Last Position of Element in Sorted Array.swift"; sourceTree = "<group>"; };
		55342224281A580400D05C7C /* Path With Minimum Effort.swift */ = {isa = PBXFileReference; lastKnownFileType = sourcecode.swift; path = "Path With Minimum Effort.swift"; sourceTree = "<group>"; };
		553896932AC6A220009BE30E /* Jump Game.swift */ = {isa = PBXFileReference; lastKnownFileType = sourcecode.swift; path = "Jump Game.swift"; sourceTree = "<group>"; };
		553896952AC6A66A009BE30E /* Jump Game II.swift */ = {isa = PBXFileReference; lastKnownFileType = sourcecode.swift; path = "Jump Game II.swift"; sourceTree = "<group>"; };
		553896972AC6BA3A009BE30E /* Find K Pairs with Smallest Sums.swift */ = {isa = PBXFileReference; lastKnownFileType = sourcecode.swift; path = "Find K Pairs with Smallest Sums.swift"; sourceTree = "<group>"; };
		553896E12ACAB55F009BE30E /* Minimum Number of Arrows to Burst Balloons.swift */ = {isa = PBXFileReference; lastKnownFileType = sourcecode.swift; path = "Minimum Number of Arrows to Burst Balloons.swift"; sourceTree = "<group>"; };
		553896E32ACBF56C009BE30E /* Same Tree.swift */ = {isa = PBXFileReference; lastKnownFileType = sourcecode.swift; path = "Same Tree.swift"; sourceTree = "<group>"; };
		553896E52ACBF9F7009BE30E /* Word Pattern.swift */ = {isa = PBXFileReference; lastKnownFileType = sourcecode.swift; path = "Word Pattern.swift"; sourceTree = "<group>"; };
		553896E72ACC0143009BE30E /* Permutations.swift */ = {isa = PBXFileReference; lastKnownFileType = sourcecode.swift; path = Permutations.swift; sourceTree = "<group>"; };
		554F8D1B27676BE000A54639 /* LeetCode - Container With Most Water.swift */ = {isa = PBXFileReference; lastKnownFileType = sourcecode.swift; path = "LeetCode - Container With Most Water.swift"; sourceTree = "<group>"; };
		554F8DB1276B407C00A54639 /* LeetCode - 3Sum.swift */ = {isa = PBXFileReference; lastKnownFileType = sourcecode.swift; path = "LeetCode - 3Sum.swift"; sourceTree = "<group>"; };
		554F8E54277058D000A54639 /* Boj - 일곱 난쟁이.swift */ = {isa = PBXFileReference; lastKnownFileType = sourcecode.swift; path = "Boj - 일곱 난쟁이.swift"; sourceTree = "<group>"; };
		554F8E56277064C500A54639 /* Boj - 분해합.swift */ = {isa = PBXFileReference; lastKnownFileType = sourcecode.swift; path = "Boj - 분해합.swift"; sourceTree = "<group>"; };
		554F8E582770B3D900A54639 /* LeetCode - Remove Nth Node From End of List.swift */ = {isa = PBXFileReference; lastKnownFileType = sourcecode.swift; path = "LeetCode - Remove Nth Node From End of List.swift"; sourceTree = "<group>"; };
		554F8E602771E0F100A54639 /* LeetCode - Generate Parentheses .swift */ = {isa = PBXFileReference; lastKnownFileType = sourcecode.swift; path = "LeetCode - Generate Parentheses .swift"; sourceTree = "<group>"; };
		554F8EB3277342C400A54639 /* LeetCode - Merge k Sorted Lists.swift */ = {isa = PBXFileReference; lastKnownFileType = sourcecode.swift; path = "LeetCode - Merge k Sorted Lists.swift"; sourceTree = "<group>"; };
		55524BB428224428006D936A /* Max Number of K-Sum Pairs.swift */ = {isa = PBXFileReference; lastKnownFileType = sourcecode.swift; path = "Max Number of K-Sum Pairs.swift"; sourceTree = "<group>"; };
		55524BB6282CD63E006D936A /* Permutations II.swift */ = {isa = PBXFileReference; lastKnownFileType = sourcecode.swift; path = "Permutations II.swift"; sourceTree = "<group>"; };
		55524BB8282D03A7006D936A /* Rotate Image.swift */ = {isa = PBXFileReference; lastKnownFileType = sourcecode.swift; path = "Rotate Image.swift"; sourceTree = "<group>"; };
		55524BD128321BE4006D936A /* Longest Increasing Path in a Matrix.swift */ = {isa = PBXFileReference; lastKnownFileType = sourcecode.swift; path = "Longest Increasing Path in a Matrix.swift"; sourceTree = "<group>"; };
		55545FA727F532AA0090CD3E /* LeetCode - Split Array Largest Sum.swift */ = {isa = PBXFileReference; lastKnownFileType = sourcecode.swift; path = "LeetCode - Split Array Largest Sum.swift"; sourceTree = "<group>"; };
		555E302829CB2DC500AD522E /* Reverse String.swift */ = {isa = PBXFileReference; lastKnownFileType = sourcecode.swift; path = "Reverse String.swift"; sourceTree = "<group>"; };
		555E302A29CB2E6B00AD522E /* Reverse Words in a String III.swift */ = {isa = PBXFileReference; lastKnownFileType = sourcecode.swift; path = "Reverse Words in a String III.swift"; sourceTree = "<group>"; };
		555E303B29CBE1B100AD522E /* Middle of the Linked List.swift */ = {isa = PBXFileReference; lastKnownFileType = sourcecode.swift; path = "Middle of the Linked List.swift"; sourceTree = "<group>"; };
		555E306329CC375A00AD522E /* Longest Substring Without Repeating Characters.swift */ = {isa = PBXFileReference; lastKnownFileType = sourcecode.swift; path = "Longest Substring Without Repeating Characters.swift"; sourceTree = "<group>"; };
		555E306429CC3BCE00AD522E /* Permutation in String.swift */ = {isa = PBXFileReference; lastKnownFileType = sourcecode.swift; path = "Permutation in String.swift"; sourceTree = "<group>"; };
		555E306629CC983F00AD522E /* Flood Fill.swift */ = {isa = PBXFileReference; lastKnownFileType = sourcecode.swift; path = "Flood Fill.swift"; sourceTree = "<group>"; };
		555E5EDE29FA3C01003DCDC2 /* Search a 2D Matrix.swift */ = {isa = PBXFileReference; lastKnownFileType = sourcecode.swift; path = "Search a 2D Matrix.swift"; sourceTree = "<group>"; };
		556200962804070000CB2EB5 /* Perfect Squares - List.swift */ = {isa = PBXFileReference; lastKnownFileType = sourcecode.swift; path = "Perfect Squares - List.swift"; sourceTree = "<group>"; };
		5562009828041CE700CB2EB5 /* Perfect Squares - Array.swift */ = {isa = PBXFileReference; lastKnownFileType = sourcecode.swift; path = "Perfect Squares - Array.swift"; sourceTree = "<group>"; };
		556200D52805BA3500CB2EB5 /* Game of Life.swift */ = {isa = PBXFileReference; lastKnownFileType = sourcecode.swift; path = "Game of Life.swift"; sourceTree = "<group>"; };
		556200D72806B4A000CB2EB5 /* Spiral Matrix II.swift */ = {isa = PBXFileReference; lastKnownFileType = sourcecode.swift; path = "Spiral Matrix II.swift"; sourceTree = "<group>"; };
		55645300278293B30026859F /* LeetCode - Find First and Last Position of Element in Sorted Array.swift */ = {isa = PBXFileReference; lastKnownFileType = sourcecode.swift; path = "LeetCode - Find First and Last Position of Element in Sorted Array.swift"; sourceTree = "<group>"; };
		556453022782BC890026859F /* Boj - 사탕게임.swift */ = {isa = PBXFileReference; lastKnownFileType = sourcecode.swift; path = "Boj - 사탕게임.swift"; sourceTree = "<group>"; };
		556453492784770B0026859F /* LeetCode - Valid Sudoku.swift */ = {isa = PBXFileReference; lastKnownFileType = sourcecode.swift; path = "LeetCode - Valid Sudoku.swift"; sourceTree = "<group>"; };
		5564534C278531C00026859F /* LeetCode - Count and Say.swift */ = {isa = PBXFileReference; lastKnownFileType = sourcecode.swift; path = "LeetCode - Count and Say.swift"; sourceTree = "<group>"; };
		5564534F278552390026859F /* Boj - 유레카 이론.swift */ = {isa = PBXFileReference; lastKnownFileType = sourcecode.swift; path = "Boj - 유레카 이론.swift"; sourceTree = "<group>"; };
		55645352278560860026859F /* Boj - 2503 .swift */ = {isa = PBXFileReference; lastKnownFileType = sourcecode.swift; path = "Boj - 2503 .swift"; sourceTree = "<group>"; };
		5568417727F6E3C5007A5525 /* Combination Sum .swift */ = {isa = PBXFileReference; lastKnownFileType = sourcecode.swift; path = "Combination Sum .swift"; sourceTree = "<group>"; };
		556DB3742A123D7500EE6B42 /* Remove Duplicates from Sorted Array II.swift */ = {isa = PBXFileReference; lastKnownFileType = sourcecode.swift; path = "Remove Duplicates from Sorted Array II.swift"; sourceTree = "<group>"; };
		556DB3762A123FDB00EE6B42 /* Majority Element.swift */ = {isa = PBXFileReference; lastKnownFileType = sourcecode.swift; path = "Majority Element.swift"; sourceTree = "<group>"; };
		556DB3782A124AE800EE6B42 /* Best Time to Buy and Sell Stock.swift */ = {isa = PBXFileReference; lastKnownFileType = sourcecode.swift; path = "Best Time to Buy and Sell Stock.swift"; sourceTree = "<group>"; };
		558EBE052A06107D00B88904 /* Merge Sorted Array.swift */ = {isa = PBXFileReference; lastKnownFileType = sourcecode.swift; path = "Merge Sorted Array.swift"; sourceTree = "<group>"; };
		558EBE072A06181800B88904 /* Remove Element.swift */ = {isa = PBXFileReference; lastKnownFileType = sourcecode.swift; path = "Remove Element.swift"; sourceTree = "<group>"; };
		558EBE082A061BF600B88904 /* Remove Duplicates from Sorted Array.swift */ = {isa = PBXFileReference; lastKnownFileType = sourcecode.swift; path = "Remove Duplicates from Sorted Array.swift"; sourceTree = "<group>"; };
		55A727532778767D003D19B9 /* LeetCode - Divide Two Integers.swift */ = {isa = PBXFileReference; lastKnownFileType = sourcecode.swift; path = "LeetCode - Divide Two Integers.swift"; sourceTree = "<group>"; };
		55AEA7F629BF6CEB00E2A449 /* Move Zeroes.swift */ = {isa = PBXFileReference; lastKnownFileType = sourcecode.swift; path = "Move Zeroes.swift"; sourceTree = "<group>"; };
		55AEA7F829BF6F0300E2A449 /* Two Sum II - Input Array Is Sorted.swift */ = {isa = PBXFileReference; lastKnownFileType = sourcecode.swift; path = "Two Sum II - Input Array Is Sorted.swift"; sourceTree = "<group>"; };
		55AEA7FA29BF76D400E2A449 /* Remove Nth Node From End of List.swift */ = {isa = PBXFileReference; lastKnownFileType = sourcecode.swift; path = "Remove Nth Node From End of List.swift"; sourceTree = "<group>"; };
		55AEA7FC29BF7C0700E2A449 /* Palindrome Linked List.swift */ = {isa = PBXFileReference; lastKnownFileType = sourcecode.swift; path = "Palindrome Linked List.swift"; sourceTree = "<group>"; };
		55D3014A277D946D0011154C /* LeetCode - Search in Rotated Sorted Array.swift */ = {isa = PBXFileReference; lastKnownFileType = sourcecode.swift; path = "LeetCode - Search in Rotated Sorted Array.swift"; sourceTree = "<group>"; };
		55EDCF7C29ED298500D29950 /* Search in Rotated Sorted Array.swift */ = {isa = PBXFileReference; lastKnownFileType = sourcecode.swift; path = "Search in Rotated Sorted Array.swift"; sourceTree = "<group>"; };
		F7333087271FB67D0095E6EC /* main.swift */ = {isa = PBXFileReference; lastKnownFileType = sourcecode.swift; path = main.swift; sourceTree = "<group>"; };
		F7333089271FB78C0095E6EC /* LeetCode - Regular Expression Matching.swift */ = {isa = PBXFileReference; lastKnownFileType = sourcecode.swift; path = "LeetCode - Regular Expression Matching.swift"; sourceTree = "<group>"; };
		F78C46AA271E4EAF00B0B1E2 /* Problem-Solving */ = {isa = PBXFileReference; explicitFileType = "compiled.mach-o.executable"; includeInIndex = 0; path = "Problem-Solving"; sourceTree = BUILT_PRODUCTS_DIR; };
		F78C46AD271E4EAF00B0B1E2 /* LeetCode -  Palindrome Number.swift */ = {isa = PBXFileReference; lastKnownFileType = sourcecode.swift; path = "LeetCode -  Palindrome Number.swift"; sourceTree = "<group>"; };
/* End PBXFileReference section */

/* Begin PBXFrameworksBuildPhase section */
		F78C46A7271E4EAF00B0B1E2 /* Frameworks */ = {
			isa = PBXFrameworksBuildPhase;
			buildActionMask = 2147483647;
			files = (
			);
			runOnlyForDeploymentPostprocessing = 0;
		};
/* End PBXFrameworksBuildPhase section */

/* Begin PBXGroup section */
		5568417527F6E3AD007A5525 /* LeetCode */ = {
			isa = PBXGroup;
			children = (
				558EBE052A06107D00B88904 /* Merge Sorted Array.swift */,
				5502D78028EDCDD900F5BB52 /* Add One Row to Tree ver2.swift */,
				5502D77E28EDC6FD00F5BB52 /* Add One Row to Tree.swift */,
				5511C4A22939F00B00324BDB /* Binary Search.swift */,
				5568417727F6E3C5007A5525 /* Combination Sum .swift */,
				55242E8729E57B8000D80FA6 /* Find First and Last Position of Element in Sorted Array.swift */,
				5511C4A42939F5DE00324BDB /* First Bad Version.swift */,
				555E306629CC983F00AD522E /* Flood Fill.swift */,
				556200D52805BA3500CB2EB5 /* Game of Life.swift */,
				550B4C2929BC439400039933 /* Happy Number.swift */,
				F78C46AD271E4EAF00B0B1E2 /* LeetCode -  Palindrome Number.swift */,
				554F8DB1276B407C00A54639 /* LeetCode - 3Sum.swift */,
				554F8D1B27676BE000A54639 /* LeetCode - Container With Most Water.swift */,
				5564534C278531C00026859F /* LeetCode - Count and Say.swift */,
				55A727532778767D003D19B9 /* LeetCode - Divide Two Integers.swift */,
				55645300278293B30026859F /* LeetCode - Find First and Last Position of Element in Sorted Array.swift */,
				554F8E602771E0F100A54639 /* LeetCode - Generate Parentheses .swift */,
				554F8EB3277342C400A54639 /* LeetCode - Merge k Sorted Lists.swift */,
				F7333089271FB78C0095E6EC /* LeetCode - Regular Expression Matching.swift */,
				554F8E582770B3D900A54639 /* LeetCode - Remove Nth Node From End of List.swift */,
				55D3014A277D946D0011154C /* LeetCode - Search in Rotated Sorted Array.swift */,
				55545FA727F532AA0090CD3E /* LeetCode - Split Array Largest Sum.swift */,
				556453492784770B0026859F /* LeetCode - Valid Sudoku.swift */,
				550B4C3129BD7E4100039933 /* Longest Common Prefix.swift */,
				55524BD128321BE4006D936A /* Longest Increasing Path in a Matrix.swift */,
				555E306329CC375A00AD522E /* Longest Substring Without Repeating Characters.swift */,
				5511C4AA293CC93800324BDB /* Longest Turbulent Subarray.swift */,
				55524BB428224428006D936A /* Max Number of K-Sum Pairs.swift */,
				555E303B29CBE1B100AD522E /* Middle of the Linked List.swift */,
				55AEA7F629BF6CEB00E2A449 /* Move Zeroes.swift */,
				550B4C3329BD96A800039933 /* Multiply Strings.swift */,
				55AEA7FC29BF7C0700E2A449 /* Palindrome Linked List.swift */,
				55342224281A580400D05C7C /* Path With Minimum Effort.swift */,
				5562009828041CE700CB2EB5 /* Perfect Squares - Array.swift */,
				556200962804070000CB2EB5 /* Perfect Squares - List.swift */,
				555E306429CC3BCE00AD522E /* Permutation in String.swift */,
				55524BB6282CD63E006D936A /* Permutations II.swift */,
				55AEA7FA29BF76D400E2A449 /* Remove Nth Node From End of List.swift */,
				555E302829CB2DC500AD522E /* Reverse String.swift */,
				555E302A29CB2E6B00AD522E /* Reverse Words in a String III.swift */,
				553896E32ACBF56C009BE30E /* Same Tree.swift */,
				553896E52ACBF9F7009BE30E /* Word Pattern.swift */,
				553896E72ACC0143009BE30E /* Permutations.swift */,
				550B4C2F29BD713900039933 /* Rotate Array.swift */,
				55524BB8282D03A7006D936A /* Rotate Image.swift */,
				55EDCF7C29ED298500D29950 /* Search in Rotated Sorted Array.swift */,
				5511C4A62939FA3600324BDB /* Search Insert Position.swift */,
				556200D72806B4A000CB2EB5 /* Spiral Matrix II.swift */,
				550B4C2B29BC457E00039933 /* Spiral Matrix.swift */,
				5511C4A9293CAED600324BDB /* Squares of a Sorted Array.swift */,
				55AEA7F829BF6F0300E2A449 /* Two Sum II - Input Array Is Sorted.swift */,
				550B4C2D29BC5E3400039933 /* Where Will the Ball Fall.swift */,
				555E5EDE29FA3C01003DCDC2 /* Search a 2D Matrix.swift */,
				558EBE072A06181800B88904 /* Remove Element.swift */,
				558EBE082A061BF600B88904 /* Remove Duplicates from Sorted Array.swift */,
				556DB3742A123D7500EE6B42 /* Remove Duplicates from Sorted Array II.swift */,
				556DB3762A123FDB00EE6B42 /* Majority Element.swift */,
				556DB3782A124AE800EE6B42 /* Best Time to Buy and Sell Stock.swift */,
				553896932AC6A220009BE30E /* Jump Game.swift */,
				553896952AC6A66A009BE30E /* Jump Game II.swift */,
				553896972AC6BA3A009BE30E /* Find K Pairs with Smallest Sums.swift */,
				553896E12ACAB55F009BE30E /* Minimum Number of Arrows to Burst Balloons.swift */,
			);
			path = LeetCode;
			sourceTree = "<group>";
		};
		5568417627F6E3BA007A5525 /* Boj */ = {
			isa = PBXGroup;
			children = (
				55645352278560860026859F /* Boj - 2503 .swift */,
				554F8E56277064C500A54639 /* Boj - 분해합.swift */,
				556453022782BC890026859F /* Boj - 사탕게임.swift */,
				5564534F278552390026859F /* Boj - 유레카 이론.swift */,
				554F8E54277058D000A54639 /* Boj - 일곱 난쟁이.swift */,
			);
			path = Boj;
			sourceTree = "<group>";
		};
		F78C46A1271E4EAF00B0B1E2 = {
			isa = PBXGroup;
			children = (
				5568417627F6E3BA007A5525 /* Boj */,
				5568417527F6E3AD007A5525 /* LeetCode */,
				F78C46AC271E4EAF00B0B1E2 /* Problem-Solving */,
				F78C46AB271E4EAF00B0B1E2 /* Products */,
			);
			sourceTree = "<group>";
		};
		F78C46AB271E4EAF00B0B1E2 /* Products */ = {
			isa = PBXGroup;
			children = (
				F78C46AA271E4EAF00B0B1E2 /* Problem-Solving */,
			);
			name = Products;
			sourceTree = "<group>";
		};
		F78C46AC271E4EAF00B0B1E2 /* Problem-Solving */ = {
			isa = PBXGroup;
			children = (
				F7333087271FB67D0095E6EC /* main.swift */,
			);
			path = "Problem-Solving";
			sourceTree = "<group>";
		};
/* End PBXGroup section */

/* Begin PBXNativeTarget section */
		F78C46A9271E4EAF00B0B1E2 /* Problem-Solving */ = {
			isa = PBXNativeTarget;
			buildConfigurationList = F78C46B1271E4EAF00B0B1E2 /* Build configuration list for PBXNativeTarget "Problem-Solving" */;
			buildPhases = (
				F78C46A6271E4EAF00B0B1E2 /* Sources */,
				F78C46A7271E4EAF00B0B1E2 /* Frameworks */,
				F78C46A8271E4EAF00B0B1E2 /* CopyFiles */,
			);
			buildRules = (
			);
			dependencies = (
			);
			name = "Problem-Solving";
			productName = "Problem-Solving";
			productReference = F78C46AA271E4EAF00B0B1E2 /* Problem-Solving */;
			productType = "com.apple.product-type.tool";
		};
/* End PBXNativeTarget section */

/* Begin PBXProject section */
		F78C46A2271E4EAF00B0B1E2 /* Project object */ = {
			isa = PBXProject;
			attributes = {
				BuildIndependentTargetsInParallel = 1;
				LastSwiftUpdateCheck = 1300;
				LastUpgradeCheck = 1410;
				TargetAttributes = {
					F78C46A9271E4EAF00B0B1E2 = {
						CreatedOnToolsVersion = 13.0;
					};
				};
			};
			buildConfigurationList = F78C46A5271E4EAF00B0B1E2 /* Build configuration list for PBXProject "Problem-Solving" */;
			compatibilityVersion = "Xcode 13.0";
			developmentRegion = en;
			hasScannedForEncodings = 0;
			knownRegions = (
				en,
				Base,
			);
			mainGroup = F78C46A1271E4EAF00B0B1E2;
			productRefGroup = F78C46AB271E4EAF00B0B1E2 /* Products */;
			projectDirPath = "";
			projectRoot = "";
			targets = (
				F78C46A9271E4EAF00B0B1E2 /* Problem-Solving */,
			);
		};
/* End PBXProject section */

/* Begin PBXSourcesBuildPhase section */
		F78C46A6271E4EAF00B0B1E2 /* Sources */ = {
			isa = PBXSourcesBuildPhase;
			buildActionMask = 2147483647;
			files = (
				553896E82ACC0143009BE30E /* Permutations.swift in Sources */,
				F7333088271FB67D0095E6EC /* main.swift in Sources */,
			);
			runOnlyForDeploymentPostprocessing = 0;
		};
/* End PBXSourcesBuildPhase section */

/* Begin XCBuildConfiguration section */
		F78C46AF271E4EAF00B0B1E2 /* Debug */ = {
			isa = XCBuildConfiguration;
			buildSettings = {
				ALWAYS_SEARCH_USER_PATHS = NO;
				CLANG_ANALYZER_NONNULL = YES;
				CLANG_ANALYZER_NUMBER_OBJECT_CONVERSION = YES_AGGRESSIVE;
				CLANG_CXX_LANGUAGE_STANDARD = "gnu++17";
				CLANG_CXX_LIBRARY = "libc++";
				CLANG_ENABLE_MODULES = YES;
				CLANG_ENABLE_OBJC_ARC = YES;
				CLANG_ENABLE_OBJC_WEAK = YES;
				CLANG_WARN_BLOCK_CAPTURE_AUTORELEASING = YES;
				CLANG_WARN_BOOL_CONVERSION = YES;
				CLANG_WARN_COMMA = YES;
				CLANG_WARN_CONSTANT_CONVERSION = YES;
				CLANG_WARN_DEPRECATED_OBJC_IMPLEMENTATIONS = YES;
				CLANG_WARN_DIRECT_OBJC_ISA_USAGE = YES_ERROR;
				CLANG_WARN_DOCUMENTATION_COMMENTS = YES;
				CLANG_WARN_EMPTY_BODY = YES;
				CLANG_WARN_ENUM_CONVERSION = YES;
				CLANG_WARN_INFINITE_RECURSION = YES;
				CLANG_WARN_INT_CONVERSION = YES;
				CLANG_WARN_NON_LITERAL_NULL_CONVERSION = YES;
				CLANG_WARN_OBJC_IMPLICIT_RETAIN_SELF = YES;
				CLANG_WARN_OBJC_LITERAL_CONVERSION = YES;
				CLANG_WARN_OBJC_ROOT_CLASS = YES_ERROR;
				CLANG_WARN_QUOTED_INCLUDE_IN_FRAMEWORK_HEADER = YES;
				CLANG_WARN_RANGE_LOOP_ANALYSIS = YES;
				CLANG_WARN_STRICT_PROTOTYPES = YES;
				CLANG_WARN_SUSPICIOUS_MOVE = YES;
				CLANG_WARN_UNGUARDED_AVAILABILITY = YES_AGGRESSIVE;
				CLANG_WARN_UNREACHABLE_CODE = YES;
				CLANG_WARN__DUPLICATE_METHOD_MATCH = YES;
				COPY_PHASE_STRIP = NO;
				DEAD_CODE_STRIPPING = YES;
				DEBUG_INFORMATION_FORMAT = dwarf;
				ENABLE_STRICT_OBJC_MSGSEND = YES;
				ENABLE_TESTABILITY = YES;
				GCC_C_LANGUAGE_STANDARD = gnu11;
				GCC_DYNAMIC_NO_PIC = NO;
				GCC_NO_COMMON_BLOCKS = YES;
				GCC_OPTIMIZATION_LEVEL = 0;
				GCC_PREPROCESSOR_DEFINITIONS = (
					"DEBUG=1",
					"$(inherited)",
				);
				GCC_WARN_64_TO_32_BIT_CONVERSION = YES;
				GCC_WARN_ABOUT_RETURN_TYPE = YES_ERROR;
				GCC_WARN_UNDECLARED_SELECTOR = YES;
				GCC_WARN_UNINITIALIZED_AUTOS = YES_AGGRESSIVE;
				GCC_WARN_UNUSED_FUNCTION = YES;
				GCC_WARN_UNUSED_VARIABLE = YES;
				MACOSX_DEPLOYMENT_TARGET = 13.0;
				MTL_ENABLE_DEBUG_INFO = INCLUDE_SOURCE;
				MTL_FAST_MATH = YES;
				ONLY_ACTIVE_ARCH = YES;
				SDKROOT = macosx;
				SWIFT_ACTIVE_COMPILATION_CONDITIONS = DEBUG;
				SWIFT_OPTIMIZATION_LEVEL = "-Onone";
			};
			name = Debug;
		};
		F78C46B0271E4EAF00B0B1E2 /* Release */ = {
			isa = XCBuildConfiguration;
			buildSettings = {
				ALWAYS_SEARCH_USER_PATHS = NO;
				CLANG_ANALYZER_NONNULL = YES;
				CLANG_ANALYZER_NUMBER_OBJECT_CONVERSION = YES_AGGRESSIVE;
				CLANG_CXX_LANGUAGE_STANDARD = "gnu++17";
				CLANG_CXX_LIBRARY = "libc++";
				CLANG_ENABLE_MODULES = YES;
				CLANG_ENABLE_OBJC_ARC = YES;
				CLANG_ENABLE_OBJC_WEAK = YES;
				CLANG_WARN_BLOCK_CAPTURE_AUTORELEASING = YES;
				CLANG_WARN_BOOL_CONVERSION = YES;
				CLANG_WARN_COMMA = YES;
				CLANG_WARN_CONSTANT_CONVERSION = YES;
				CLANG_WARN_DEPRECATED_OBJC_IMPLEMENTATIONS = YES;
				CLANG_WARN_DIRECT_OBJC_ISA_USAGE = YES_ERROR;
				CLANG_WARN_DOCUMENTATION_COMMENTS = YES;
				CLANG_WARN_EMPTY_BODY = YES;
				CLANG_WARN_ENUM_CONVERSION = YES;
				CLANG_WARN_INFINITE_RECURSION = YES;
				CLANG_WARN_INT_CONVERSION = YES;
				CLANG_WARN_NON_LITERAL_NULL_CONVERSION = YES;
				CLANG_WARN_OBJC_IMPLICIT_RETAIN_SELF = YES;
				CLANG_WARN_OBJC_LITERAL_CONVERSION = YES;
				CLANG_WARN_OBJC_ROOT_CLASS = YES_ERROR;
				CLANG_WARN_QUOTED_INCLUDE_IN_FRAMEWORK_HEADER = YES;
				CLANG_WARN_RANGE_LOOP_ANALYSIS = YES;
				CLANG_WARN_STRICT_PROTOTYPES = YES;
				CLANG_WARN_SUSPICIOUS_MOVE = YES;
				CLANG_WARN_UNGUARDED_AVAILABILITY = YES_AGGRESSIVE;
				CLANG_WARN_UNREACHABLE_CODE = YES;
				CLANG_WARN__DUPLICATE_METHOD_MATCH = YES;
				COPY_PHASE_STRIP = NO;
				DEAD_CODE_STRIPPING = YES;
				DEBUG_INFORMATION_FORMAT = "dwarf-with-dsym";
				ENABLE_NS_ASSERTIONS = NO;
				ENABLE_STRICT_OBJC_MSGSEND = YES;
				GCC_C_LANGUAGE_STANDARD = gnu11;
				GCC_NO_COMMON_BLOCKS = YES;
				GCC_WARN_64_TO_32_BIT_CONVERSION = YES;
				GCC_WARN_ABOUT_RETURN_TYPE = YES_ERROR;
				GCC_WARN_UNDECLARED_SELECTOR = YES;
				GCC_WARN_UNINITIALIZED_AUTOS = YES_AGGRESSIVE;
				GCC_WARN_UNUSED_FUNCTION = YES;
				GCC_WARN_UNUSED_VARIABLE = YES;
				MACOSX_DEPLOYMENT_TARGET = 13.0;
				MTL_ENABLE_DEBUG_INFO = NO;
				MTL_FAST_MATH = YES;
				SDKROOT = macosx;
				SWIFT_COMPILATION_MODE = wholemodule;
				SWIFT_OPTIMIZATION_LEVEL = "-O";
			};
			name = Release;
		};
		F78C46B2271E4EAF00B0B1E2 /* Debug */ = {
			isa = XCBuildConfiguration;
			buildSettings = {
				CODE_SIGN_IDENTITY = "-";
				CODE_SIGN_STYLE = Automatic;
				DEAD_CODE_STRIPPING = YES;
				PRODUCT_NAME = "$(TARGET_NAME)";
				SWIFT_VERSION = 5.0;
			};
			name = Debug;
		};
		F78C46B3271E4EAF00B0B1E2 /* Release */ = {
			isa = XCBuildConfiguration;
			buildSettings = {
				CODE_SIGN_IDENTITY = "-";
				CODE_SIGN_STYLE = Automatic;
				DEAD_CODE_STRIPPING = YES;
				PRODUCT_NAME = "$(TARGET_NAME)";
				SWIFT_VERSION = 5.0;
			};
			name = Release;
		};
/* End XCBuildConfiguration section */

/* Begin XCConfigurationList section */
		F78C46A5271E4EAF00B0B1E2 /* Build configuration list for PBXProject "Problem-Solving" */ = {
			isa = XCConfigurationList;
			buildConfigurations = (
				F78C46AF271E4EAF00B0B1E2 /* Debug */,
				F78C46B0271E4EAF00B0B1E2 /* Release */,
			);
			defaultConfigurationIsVisible = 0;
			defaultConfigurationName = Release;
		};
		F78C46B1271E4EAF00B0B1E2 /* Build configuration list for PBXNativeTarget "Problem-Solving" */ = {
			isa = XCConfigurationList;
			buildConfigurations = (
				F78C46B2271E4EAF00B0B1E2 /* Debug */,
				F78C46B3271E4EAF00B0B1E2 /* Release */,
			);
			defaultConfigurationIsVisible = 0;
			defaultConfigurationName = Release;
		};
/* End XCConfigurationList section */
	};
	rootObject = F78C46A2271E4EAF00B0B1E2 /* Project object */;
}
